{
  "name": "watchtower",
  "version": "0.1.0",
  "lockfileVersion": 3,
  "requires": true,
  "packages": {
    "": {
      "name": "watchtower",
      "version": "0.1.0",
      "license": "SEE LICENSE IN LICENSE.txt",
      "dependencies": {
        "@nirvana/b-core": "*",
        "@nirvana/base": "*",
        "@nirvana/builder": "*",
        "@nirvana/commons": "*",
        "@nirvana/framework": "*"
      },
      "bin": {
        "wt": "bin/wt.js"
      },
      "devDependencies": {
        "@types/jasmine": "^4.3.1",
        "@types/node": "^20.5.1",
        "jasmine": "^6.0.0",
        "jasmine-core": "^6.0.0",
        "typescript": "^6.0.3"
      }
    },
    "../../.nirvana/ecosystem/versions/1.0.0-test/components/b-core": {
      "name": "@nirvana/b-core",
      "version": "1.0.0",
      "license": "SEE LICENSE IN LICENSE.txt",
      "dependencies": {
        "@nirvana/base": "1.0.0",
        "@types/node": "^18.11.18",
        "@types/uuid": "^9.0.0",
        "chalk": "^5.2.0",
        "chokidar": "4.0.3",
        "cssnano": "^6.0.5",
        "del": "^8.0.0",
        "dotenv": "^16.5.0",
        "end-of-stream": "^1.4.4",
        "glob": "^13.0.0",
        "globby": "^13.1.3",
        "json5": "^2.2.3",
        "postcss": "^8.4.35",
        "rimraf": "^6.0.1",
        "stream-consume": "^0.1.1",
        "terser": "^5.28.1",
        "typescript": "^6.0.3",
        "uuid": "^14.0.0",
        "vinyl": "^3.0.0",
        "vinyl-sourcemap": "^2.0.0"
      },
      "bin": {
        "nvbc": "bin/nvbc.js"
      }
    },
    "../../.nirvana/ecosystem/versions/1.0.0-test/components/base": {
      "name": "@nirvana/base",
      "version": "1.0.0",
      "license": "SEE LICENSE IN LICENSE.txt",
      "dependencies": {
        "@types/jasmine": "^4.3.1",
        "@types/node": "^20.11.19",
        "@types/uuid": "^9.0.0",
        "chalk": "^5.2.0"
      }
    },
    "../../.nirvana/ecosystem/versions/1.0.0-test/components/base/node_modules/@types/node": {
      "version": "20.19.43",
      "license": "MIT",
      "dependencies": {
        "undici-types": "~6.21.0"
      }
    },
    "../../.nirvana/ecosystem/versions/1.0.0-test/components/builder": {
      "name": "@nirvana/builder",
      "version": "1.0.0",
      "license": "SEE LICENSE IN LICENSE.txt",
      "dependencies": {
        "@nirvana/b-core": "1.0.0",
        "@nirvana/t-cache": "1.0.0",
        "@types/jasmine": "^4.3.1",
        "@types/uuid": "^9.0.0",
        "chalk": "^5.2.0",
        "del": "^8.0.0"
      },
      "bin": {
        "nvb": "bin/nvb.js"
      }
    },
    "../../.nirvana/ecosystem/versions/1.0.0-test/components/commons": {
      "name": "@nirvana/commons",
      "version": "1.0.0",
      "license": "SEE LICENSE IN LICENSE.txt",
      "dependencies": {
        "@faker-js/faker": "^8.3.1",
        "@nirvana/base": "1.0.0",
        "@nirvana/builder": "1.0.0",
        "@types/better-sqlite3": "7.6.13",
        "@types/express": "^4.17.15",
        "@types/pg": "8.20.0",
        "@types/uuid": "^9.0.0",
        "@types/ws": "^8.18.1",
        "better-sqlite3": "13.0.1",
        "body-parser": "^1.20.1",
        "dotenv": "^16.0.3",
        "ejs": "^3.1.9",
        "express": "^4.18.2",
        "fast-xml-builder": "^1.2.1",
        "fast-xml-parser": "^5.9.3",
        "form-data": "^4.0.0",
        "fs-extra": "^11.3.0",
        "json5": "^2.2.3",
        "mongodb": "^6.3.0",
        "multer": "^2.2.0",
        "nodemailer": "^9.0.3",
        "pg": "8.22.0",
        "pluralize": "^8.0.0",
        "reflect-metadata": "^0.1.13",
        "typescript": "^6.0.3",
        "uuid": "^14.0.0",
        "validator": "^13.7.0",
        "vhost": "^3.0.2",
        "winston": "^3.8.2",
        "winston-daily-rotate-file": "^4.7.1",
        "ws": "^8.20.2"
      }
    },
    "../../.nirvana/ecosystem/versions/1.0.0-test/components/framework": {
      "name": "@nirvana/framework",
      "version": "1.0.0",
      "license": "SEE LICENSE IN LICENSE.txt",
      "dependencies": {
        "@nirvana/base": "1.0.0",
        "@nirvana/builder": "1.0.0",
        "@nirvana/commons": "1.0.0",
        "@types/express": "^4.17.15",
        "@types/uuid": "^9.0.0",
        "body-parser": "^1.20.1",
        "dotenv": "^16.0.3",
        "express": "^4.18.2",
        "fs-extra": "^11.3.0",
        "glob": "^13.0.0",
        "renatus": "file:../../vendor/renatus",
        "supertest": "^7.2.2",
        "typescript": "^6.0.3",
        "uuid": "^14.0.0",
        "validator": "^13.7.0"
      }
    },
    "node_modules/@jasminejs/reporters": {
      "version": "1.0.0",
      "resolved": "https://registry.npmjs.org/@jasminejs/reporters/-/reporters-1.0.0.tgz",
      "integrity": "sha512-rM3GG4vx2H1Gp5kYCTr9aKlOEJFd43pzpiMAiy5b1+FUc2ub4e6bS6yCi/WQNDzAa5MVp9++dwcoEtcIfoEnhA==",
      "dev": true,
      "license": "MIT"
    },
    "node_modules/@nirvana/b-core": {
      "resolved": "../../.nirvana/ecosystem/versions/1.0.0-test/components/b-core",
      "link": true
    },
    "node_modules/@nirvana/base": {
      "resolved": "../../.nirvana/ecosystem/versions/1.0.0-test/components/base",
      "link": true
    },
    "node_modules/@nirvana/builder": {
      "resolved": "../../.nirvana/ecosystem/versions/1.0.0-test/components/builder",
      "link": true
    },
    "node_modules/@nirvana/commons": {
      "resolved": "../../.nirvana/ecosystem/versions/1.0.0-test/components/commons",
      "link": true
    },
    "node_modules/@nirvana/framework": {
      "resolved": "../../.nirvana/ecosystem/versions/1.0.0-test/components/framework",
      "link": true
    },
    "node_modules/@types/jasmine": {
      "version": "4.6.6",
      "resolved": "https://registry.npmjs.org/@types/jasmine/-/jasmine-4.6.6.tgz",
      "integrity": "sha512-A91MzB6bi8fA5gEK7FUQ+ukJ2rUFdOcWCYi5rwDKG3wLU1eJk7P13RxXf4bAXPgsIeBJCo8G5WFhF7l/6qBRSQ==",
      "dev": true,
      "license": "MIT"
    },
    "node_modules/@types/node": {
      "version": "20.19.43",
      "resolved": "https://registry.npmjs.org/@types/node/-/node-20.19.43.tgz",
      "integrity": "sha512-6oYBAi5ikg4Pl+kGsoYtawUMBT2zZMCvPNF7pVLnHZfd1zf38DRiWn/gT01RYCdUqkv7Fhr+C9ot4/tb+2sVvA==",
      "dev": true,
      "license": "MIT",
      "dependencies": {
        "undici-types": "~6.21.0"
      }
    },
    "node_modules/balanced-match": {
      "version": "4.0.4",
      "resolved": "https://registry.npmjs.org/balanced-match/-/balanced-match-4.0.4.tgz",
      "integrity": "sha512-BLrgEcRTwX2o6gGxGOCNyMvGSp35YofuYzw9h1IMTRmKqttAZZVU67bdb9Pr2vUHA8+j3i2tJfjO6C6+4myGTA==",
      "dev": true,
      "license": "MIT",
      "engines": {
        "node": "18 || 20 || >=22"
      }
    },
    "node_modules/brace-expansion": {
      "version": "5.0.9",
      "resolved": "https://registry.npmjs.org/brace-expansion/-/brace-expansion-5.0.9.tgz",
      "integrity": "sha512-ScQ4IuvIEF1TMlP7Zt+vjJ//9zlPb2SDcxWxM3bk8s6t6GGdJ7KO1dCcTidOPJKePW30LE/2cT7wCyPho9/Wxg==",
      "dev": true,
      "license": "MIT",
      "dependencies": {
        "balanced-match": "^4.0.2"
      },
      "engines": {
        "node": "20 || >=22"
      }
    },
    "node_modules/glob": {
      "version": "13.0.6",
      "resolved": "https://registry.npmjs.org/glob/-/glob-13.0.6.tgz",
      "integrity": "sha512-Wjlyrolmm8uDpm/ogGyXZXb1Z+Ca2B8NbJwqBVg0axK9GbBeoS7yGV6vjXnYdGm6X53iehEuxxbyiKp8QmN4Vw==",
      "dev": true,
      "license": "BlueOak-1.0.0",
      "dependencies": {
        "minimatch": "^10.2.2",
        "minipass": "^7.1.3",
        "path-scurry": "^2.0.2"
      },
      "engines": {
        "node": "18 || 20 || >=22"
      },
      "funding": {
        "url": "https://github.com/sponsors/isaacs"
      }
    },
    "node_modules/jasmine": {
      "version": "6.3.0",
      "resolved": "https://registry.npmjs.org/jasmine/-/jasmine-6.3.0.tgz",
      "integrity": "sha512-u6L7yYtrtS1JALlp7f4k7Wz7o7ZKXauSKKkXc0L3qUkKrdaxYvNiMHhHp5gtTuVZZXVihXRxS7bWwDBX1wJ7EQ==",
      "dev": true,
      "license": "MIT",
      "dependencies": {
        "@jasminejs/reporters": "^1.0.0",
        "glob": "^10.2.2 || ^11.0.3 || ^12.0.0 || ^13.0.0",
        "jasmine-core": "~6.3.0"
      },
      "bin": {
        "jasmine": "bin/jasmine.js"
      }
    },
    "node_modules/jasmine-core": {
      "version": "6.3.0",
      "resolved": "https://registry.npmjs.org/jasmine-core/-/jasmine-core-6.3.0.tgz",
      "integrity": "sha512-eMm5qBovNjNoGOcgE/W207+wrcK5zrQv0Rg/rWGboUJUmZp0dFCpHTyjpuDAfCwRCqg7f9U2q2jtv/aUuzdCQg==",
      "dev": true,
      "license": "MIT"
    },
    "node_modules/lru-cache": {
      "version": "11.5.2",
      "resolved": "https://registry.npmjs.org/lru-cache/-/lru-cache-11.5.2.tgz",
      "integrity": "sha512-4pfM1Ff0x50o0tQwb5ucw/RzNyD0/YJME6IVcStalZuMWxdt3sR3huStTtxz4PUmvZfRguvDejasvQ2kifR11g==",
      "dev": true,
      "license": "BlueOak-1.0.0",
      "engines": {
        "node": "20 || >=22"
      }
    },
    "node_modules/minimatch": {
      "version": "10.2.6",
      "resolved": "https://registry.npmjs.org/minimatch/-/minimatch-10.2.6.tgz",
      "integrity": "sha512-vpLQEs+VLCr1nU0BXS07maYoFwlDAH0gngQuuttxIwutDFEMHq2blX+8vpgxDdK3J1PwjCJiep77OitTZ4Ll1A==",
      "dev": true,
      "license": "BlueOak-1.0.0",
      "dependencies": {
        "brace-expansion": "^5.0.8"
      },
      "engines": {
        "node": "18 || 20 || >=22"
      },
      "funding": {
        "url": "https://github.com/sponsors/isaacs"
      }
    },
    "node_modules/minipass": {
      "version": "7.1.3",
      "resolved": "https://registry.npmjs.org/minipass/-/minipass-7.1.3.tgz",
      "integrity": "sha512-tEBHqDnIoM/1rXME1zgka9g6Q2lcoCkxHLuc7ODJ5BxbP5d4c2Z5cGgtXAku59200Cx7diuHTOYfSBD8n6mm8A==",
      "dev": true,
      "license": "BlueOak-1.0.0",
      "engines": {
        "node": ">=16 || 14 >=14.17"
      }
    },
    "node_modules/path-scurry": {
      "version": "2.0.2",
      "resolved": "https://registry.npmjs.org/path-scurry/-/path-scurry-2.0.2.tgz",
      "integrity": "sha512-3O/iVVsJAPsOnpwWIeD+d6z/7PmqApyQePUtCndjatj/9I5LylHvt5qluFaBT3I5h3r1ejfR056c+FCv+NnNXg==",
      "dev": true,
      "license": "BlueOak-1.0.0",
      "dependencies": {
        "lru-cache": "^11.0.0",
        "minipass": "^7.1.2"
      },
      "engines": {
        "node": "18 || 20 || >=22"
      },
      "funding": {
        "url": "https://github.com/sponsors/isaacs"
      }
    },
    "node_modules/typescript": {
      "version": "6.0.3",
      "resolved": "https://registry.npmjs.org/typescript/-/typescript-6.0.3.tgz",
      "integrity": "sha512-y2TvuxSZPDyQakkFRPZHKFm+KKVqIisdg9/CZwm9ftvKXLP8NRWj38/ODjNbr43SsoXqNuAisEf1GdCxqWcdBw==",
      "dev": true,
      "license": "Apache-2.0",
      "bin": {
        "tsc": "bin/tsc",
        "tsserver": "bin/tsserver"
      },
      "engines": {
        "node": ">=14.17"
      }
    },
    "node_modules/undici-types": {
      "version": "6.21.0",
      "resolved": "https://registry.npmjs.org/undici-types/-/undici-types-6.21.0.tgz",
      "integrity": "sha512-iwDZqg0QAGrg9Rav5H4n0M64c3mkR59cJ6wQp+7C4nI0gsmExaedaYLNO44eT4AtBBwjbTiGPMlt2Md0T9H9JQ==",
      "dev": true,
      "license": "MIT"
    }
  }
}
